
Microsoft Visual Studio Solution File, Format Version 12.00
# Visual Studio Version 16
VisualStudioVersion = 16.0.29709.97
MinimumVisualStudioVersion = 10.0.40219.1
Project("{FAE04EC0-301F-11D3-BF4B-00C04F79EFBC}") = "FullTrustComponent", "..\FullTrustComponent\FullTrustComponent.csproj", "{992876D4-298A-45FA-B759-6F4BA6A0C84F}"
EndProject
Project("{FAE04EC0-301F-11D3-BF4B-00C04F79EFBC}") = "AINotes", "AINotes.csproj", "{CA97281E-7636-48E4-B167-639D5A617E88}"
EndProject
Project("{C7167F0D-BC9F-4E6E-AFE1-012C56B48DB5}") = "Package", "..\Package\Package.wapproj", "{4617C28E-B8BB-43A8-81F0-DD7B756B45FF}"
EndProject
Project("{FAE04EC0-301F-11D3-BF4B-00C04F79EFBC}") = "AINotesTests", "..\AINotesTests\AINotesTests.csproj", "{70632572-B358-435F-B856-1838B6F26982}"
EndProject
Project("{FAE04EC0-301F-11D3-BF4B-00C04F79EFBC}") = "AINotesUITests", "..\AINotesUITests\AINotesUITests.csproj", "{32966E5A-0F05-429F-A4F5-769857B99263}"
EndProject
Project("{FAE04EC0-301F-11D3-BF4B-00C04F79EFBC}") = "MaterialComponents", "..\MaterialComponents\MaterialComponents.csproj", "{658BAC1D-4F6A-4015-89ED-D6F24602C926}"
EndProject
Project("{FAE04EC0-301F-11D3-BF4B-00C04F79EFBC}") = "Helpers", "..\Helpers\Helpers.csproj", "{97F1699F-5471-4EEC-852C-68BFE49F4D95}"
EndProject
Project("{FAE04EC0-301F-11D3-BF4B-00C04F79EFBC}") = "AINotesCloud", "..\AINotesCloud\AINotesCloud.csproj", "{0A83A562-22E7-43E8-B47D-B8CD9C40FEB6}"
EndProject
Global
	GlobalSection(SolutionConfigurationPlatforms) = preSolution
		Debug|Any CPU = Debug|Any CPU
		Debug|ARM = Debug|ARM
		Debug|ARM64 = Debug|ARM64
		Debug|x64 = Debug|x64
		Debug|x86 = Debug|x86
		Release|Any CPU = Release|Any CPU
		Release|ARM = Release|ARM
		Release|ARM64 = Release|ARM64
		Release|x64 = Release|x64
		Release|x86 = Release|x86
	EndGlobalSection
	GlobalSection(ProjectConfigurationPlatforms) = postSolution
		{992876D4-298A-45FA-B759-6F4BA6A0C84F}.Debug|Any CPU.ActiveCfg = Debug|Any CPU
		{992876D4-298A-45FA-B759-6F4BA6A0C84F}.Debug|Any CPU.Build.0 = Debug|Any CPU
		{992876D4-298A-45FA-B759-6F4BA6A0C84F}.Debug|ARM.ActiveCfg = Debug|Any CPU
		{992876D4-298A-45FA-B759-6F4BA6A0C84F}.Debug|ARM.Build.0 = Debug|Any CPU
		{992876D4-298A-45FA-B759-6F4BA6A0C84F}.Debug|ARM64.ActiveCfg = Debug|Any CPU
		{992876D4-298A-45FA-B759-6F4BA6A0C84F}.Debug|ARM64.Build.0 = Debug|Any CPU
		{992876D4-298A-45FA-B759-6F4BA6A0C84F}.Debug|x64.ActiveCfg = Debug|Any CPU
		{992876D4-298A-45FA-B759-6F4BA6A0C84F}.Debug|x64.Build.0 = Debug|Any CPU
		{992876D4-298A-45FA-B759-6F4BA6A0C84F}.Debug|x86.ActiveCfg = Debug|Any CPU
		{992876D4-298A-45FA-B759-6F4BA6A0C84F}.Debug|x86.Build.0 = Debug|Any CPU
		{992876D4-298A-45FA-B759-6F4BA6A0C84F}.Release|Any CPU.ActiveCfg = Release|Any CPU
		{992876D4-298A-45FA-B759-6F4BA6A0C84F}.Release|Any CPU.Build.0 = Release|Any CPU
		{992876D4-298A-45FA-B759-6F4BA6A0C84F}.Release|ARM.ActiveCfg = Release|Any CPU
		{992876D4-298A-45FA-B759-6F4BA6A0C84F}.Release|ARM.Build.0 = Release|Any CPU
		{992876D4-298A-45FA-B759-6F4BA6A0C84F}.Release|ARM64.ActiveCfg = Release|Any CPU
		{992876D4-298A-45FA-B759-6F4BA6A0C84F}.Release|ARM64.Build.0 = Release|Any CPU
		{992876D4-298A-45FA-B759-6F4BA6A0C84F}.Release|x64.ActiveCfg = Release|Any CPU
		{992876D4-298A-45FA-B759-6F4BA6A0C84F}.Release|x64.Build.0 = Release|Any CPU
		{992876D4-298A-45FA-B759-6F4BA6A0C84F}.Release|x86.ActiveCfg = Release|Any CPU
		{992876D4-298A-45FA-B759-6F4BA6A0C84F}.Release|x86.Build.0 = Release|Any CPU
		{CA97281E-7636-48E4-B167-639D5A617E88}.Debug|Any CPU.ActiveCfg = Debug|x86
		{CA97281E-7636-48E4-B167-639D5A617E88}.Debug|Any CPU.Build.0 = Debug|x86
		{CA97281E-7636-48E4-B167-639D5A617E88}.Debug|Any CPU.Deploy.0 = Debug|x86
		{CA97281E-7636-48E4-B167-639D5A617E88}.Debug|ARM.ActiveCfg = Debug|ARM
		{CA97281E-7636-48E4-B167-639D5A617E88}.Debug|ARM.Build.0 = Debug|ARM
		{CA97281E-7636-48E4-B167-639D5A617E88}.Debug|ARM.Deploy.0 = Debug|ARM
		{CA97281E-7636-48E4-B167-639D5A617E88}.Debug|ARM64.ActiveCfg = Debug|ARM64
		{CA97281E-7636-48E4-B167-639D5A617E88}.Debug|ARM64.Build.0 = Debug|ARM64
		{CA97281E-7636-48E4-B167-639D5A617E88}.Debug|ARM64.Deploy.0 = Debug|ARM64
		{CA97281E-7636-48E4-B167-639D5A617E88}.Debug|x64.ActiveCfg = Debug|x64
		{CA97281E-7636-48E4-B167-639D5A617E88}.Debug|x64.Build.0 = Debug|x64
		{CA97281E-7636-48E4-B167-639D5A617E88}.Debug|x64.Deploy.0 = Debug|x64
		{CA97281E-7636-48E4-B167-639D5A617E88}.Debug|x86.ActiveCfg = Debug|x86
		{CA97281E-7636-48E4-B167-639D5A617E88}.Debug|x86.Build.0 = Debug|x86
		{CA97281E-7636-48E4-B167-639D5A617E88}.Debug|x86.Deploy.0 = Debug|x86
		{CA97281E-7636-48E4-B167-639D5A617E88}.Release|Any CPU.ActiveCfg = Release|x86
		{CA97281E-7636-48E4-B167-639D5A617E88}.Release|ARM.ActiveCfg = Release|ARM
		{CA97281E-7636-48E4-B167-639D5A617E88}.Release|ARM.Build.0 = Release|ARM
		{CA97281E-7636-48E4-B167-639D5A617E88}.Release|ARM.Deploy.0 = Release|ARM
		{CA97281E-7636-48E4-B167-639D5A617E88}.Release|ARM64.ActiveCfg = Release|ARM64
		{CA97281E-7636-48E4-B167-639D5A617E88}.Release|ARM64.Build.0 = Release|ARM64
		{CA97281E-7636-48E4-B167-639D5A617E88}.Release|ARM64.Deploy.0 = Release|ARM64
		{CA97281E-7636-48E4-B167-639D5A617E88}.Release|x64.ActiveCfg = Release|x64
		{CA97281E-7636-48E4-B167-639D5A617E88}.Release|x64.Build.0 = Release|x64
		{CA97281E-7636-48E4-B167-639D5A617E88}.Release|x64.Deploy.0 = Release|x64
		{CA97281E-7636-48E4-B167-639D5A617E88}.Release|x86.ActiveCfg = Release|x86
		{CA97281E-7636-48E4-B167-639D5A617E88}.Release|x86.Build.0 = Release|x86
		{CA97281E-7636-48E4-B167-639D5A617E88}.Release|x86.Deploy.0 = Release|x86
		{4617C28E-B8BB-43A8-81F0-DD7B756B45FF}.Debug|Any CPU.ActiveCfg = Debug|Any CPU
		{4617C28E-B8BB-43A8-81F0-DD7B756B45FF}.Debug|Any CPU.Build.0 = Debug|Any CPU
		{4617C28E-B8BB-43A8-81F0-DD7B756B45FF}.Debug|Any CPU.Deploy.0 = Debug|Any CPU
		{4617C28E-B8BB-43A8-81F0-DD7B756B45FF}.Debug|ARM.ActiveCfg = Debug|ARM
		{4617C28E-B8BB-43A8-81F0-DD7B756B45FF}.Debug|ARM.Build.0 = Debug|ARM
		{4617C28E-B8BB-43A8-81F0-DD7B756B45FF}.Debug|ARM.Deploy.0 = Debug|ARM
		{4617C28E-B8BB-43A8-81F0-DD7B756B45FF}.Debug|ARM64.ActiveCfg = Debug|ARM64
		{4617C28E-B8BB-43A8-81F0-DD7B756B45FF}.Debug|ARM64.Build.0 = Debug|ARM64
		{4617C28E-B8BB-43A8-81F0-DD7B756B45FF}.Debug|ARM64.Deploy.0 = Debug|ARM64
		{4617C28E-B8BB-43A8-81F0-DD7B756B45FF}.Debug|x64.ActiveCfg = Debug|x64
		{4617C28E-B8BB-43A8-81F0-DD7B756B45FF}.Debug|x64.Build.0 = Debug|x64
		{4617C28E-B8BB-43A8-81F0-DD7B756B45FF}.Debug|x64.Deploy.0 = Debug|x64
		{4617C28E-B8BB-43A8-81F0-DD7B756B45FF}.Debug|x86.ActiveCfg = Debug|x86
		{4617C28E-B8BB-43A8-81F0-DD7B756B45FF}.Debug|x86.Build.0 = Debug|x86
		{4617C28E-B8BB-43A8-81F0-DD7B756B45FF}.Debug|x86.Deploy.0 = Debug|x86
		{4617C28E-B8BB-43A8-81F0-DD7B756B45FF}.Release|Any CPU.ActiveCfg = Release|Any CPU
		{4617C28E-B8BB-43A8-81F0-DD7B756B45FF}.Release|Any CPU.Build.0 = Release|Any CPU
		{4617C28E-B8BB-43A8-81F0-DD7B756B45FF}.Release|Any CPU.Deploy.0 = Release|Any CPU
		{4617C28E-B8BB-43A8-81F0-DD7B756B45FF}.Release|ARM.ActiveCfg = Release|ARM
		{4617C28E-B8BB-43A8-81F0-DD7B756B45FF}.Release|ARM.Build.0 = Release|ARM
		{4617C28E-B8BB-43A8-81F0-DD7B756B45FF}.Release|ARM.Deploy.0 = Release|ARM
		{4617C28E-B8BB-43A8-81F0-DD7B756B45FF}.Release|ARM64.ActiveCfg = Release|ARM64
		{4617C28E-B8BB-43A8-81F0-DD7B756B45FF}.Release|ARM64.Build.0 = Release|ARM64
		{4617C28E-B8BB-43A8-81F0-DD7B756B45FF}.Release|ARM64.Deploy.0 = Release|ARM64
		{4617C28E-B8BB-43A8-81F0-DD7B756B45FF}.Release|x64.ActiveCfg = Release|x64
		{4617C28E-B8BB-43A8-81F0-DD7B756B45FF}.Release|x64.Build.0 = Release|x64
		{4617C28E-B8BB-43A8-81F0-DD7B756B45FF}.Release|x64.Deploy.0 = Release|x64
		{4617C28E-B8BB-43A8-81F0-DD7B756B45FF}.Release|x86.ActiveCfg = Release|x86
		{4617C28E-B8BB-43A8-81F0-DD7B756B45FF}.Release|x86.Build.0 = Release|x86
		{4617C28E-B8BB-43A8-81F0-DD7B756B45FF}.Release|x86.Deploy.0 = Release|x86
		{70632572-B358-435F-B856-1838B6F26982}.Debug|Any CPU.ActiveCfg = Debug|x86
		{70632572-B358-435F-B856-1838B6F26982}.Debug|ARM.ActiveCfg = Debug|ARM
		{70632572-B358-435F-B856-1838B6F26982}.Debug|ARM.Build.0 = Debug|ARM
		{70632572-B358-435F-B856-1838B6F26982}.Debug|ARM.Deploy.0 = Debug|ARM
		{70632572-B358-435F-B856-1838B6F26982}.Debug|ARM64.ActiveCfg = Debug|ARM64
		{70632572-B358-435F-B856-1838B6F26982}.Debug|ARM64.Build.0 = Debug|ARM64
		{70632572-B358-435F-B856-1838B6F26982}.Debug|ARM64.Deploy.0 = Debug|ARM64
		{70632572-B358-435F-B856-1838B6F26982}.Debug|x64.ActiveCfg = Debug|x64
		{70632572-B358-435F-B856-1838B6F26982}.Debug|x64.Build.0 = Debug|x64
		{70632572-B358-435F-B856-1838B6F26982}.Debug|x64.Deploy.0 = Debug|x64
		{70632572-B358-435F-B856-1838B6F26982}.Debug|x86.ActiveCfg = Debug|x86
		{70632572-B358-435F-B856-1838B6F26982}.Debug|x86.Build.0 = Debug|x86
		{70632572-B358-435F-B856-1838B6F26982}.Debug|x86.Deploy.0 = Debug|x86
		{70632572-B358-435F-B856-1838B6F26982}.Release|Any CPU.ActiveCfg = Release|x86
		{70632572-B358-435F-B856-1838B6F26982}.Release|ARM.ActiveCfg = Release|ARM
		{70632572-B358-435F-B856-1838B6F26982}.Release|ARM.Build.0 = Release|ARM
		{70632572-B358-435F-B856-1838B6F26982}.Release|ARM.Deploy.0 = Release|ARM
		{70632572-B358-435F-B856-1838B6F26982}.Release|ARM64.ActiveCfg = Release|ARM64
		{70632572-B358-435F-B856-1838B6F26982}.Release|ARM64.Build.0 = Release|ARM64
		{70632572-B358-435F-B856-1838B6F26982}.Release|ARM64.Deploy.0 = Release|ARM64
		{70632572-B358-435F-B856-1838B6F26982}.Release|x64.ActiveCfg = Release|x64
		{70632572-B358-435F-B856-1838B6F26982}.Release|x64.Build.0 = Release|x64
		{70632572-B358-435F-B856-1838B6F26982}.Release|x64.Deploy.0 = Release|x64
		{70632572-B358-435F-B856-1838B6F26982}.Release|x86.ActiveCfg = Release|x86
		{70632572-B358-435F-B856-1838B6F26982}.Release|x86.Build.0 = Release|x86
		{70632572-B358-435F-B856-1838B6F26982}.Release|x86.Deploy.0 = Release|x86
		{32966E5A-0F05-429F-A4F5-769857B99263}.Debug|Any CPU.ActiveCfg = Debug|Any CPU
		{32966E5A-0F05-429F-A4F5-769857B99263}.Debug|Any CPU.Build.0 = Debug|Any CPU
		{32966E5A-0F05-429F-A4F5-769857B99263}.Debug|ARM.ActiveCfg = Debug|Any CPU
		{32966E5A-0F05-429F-A4F5-769857B99263}.Debug|ARM.Build.0 = Debug|Any CPU
		{32966E5A-0F05-429F-A4F5-769857B99263}.Debug|ARM64.ActiveCfg = Debug|Any CPU
		{32966E5A-0F05-429F-A4F5-769857B99263}.Debug|ARM64.Build.0 = Debug|Any CPU
		{32966E5A-0F05-429F-A4F5-769857B99263}.Debug|x64.ActiveCfg = Debug|Any CPU
		{32966E5A-0F05-429F-A4F5-769857B99263}.Debug|x64.Build.0 = Debug|Any CPU
		{32966E5A-0F05-429F-A4F5-769857B99263}.Debug|x86.ActiveCfg = Debug|Any CPU
		{32966E5A-0F05-429F-A4F5-769857B99263}.Debug|x86.Build.0 = Debug|Any CPU
		{32966E5A-0F05-429F-A4F5-769857B99263}.Release|Any CPU.ActiveCfg = Release|Any CPU
		{32966E5A-0F05-429F-A4F5-769857B99263}.Release|Any CPU.Build.0 = Release|Any CPU
		{32966E5A-0F05-429F-A4F5-769857B99263}.Release|ARM.ActiveCfg = Release|Any CPU
		{32966E5A-0F05-429F-A4F5-769857B99263}.Release|ARM.Build.0 = Release|Any CPU
		{32966E5A-0F05-429F-A4F5-769857B99263}.Release|ARM64.ActiveCfg = Release|Any CPU
		{32966E5A-0F05-429F-A4F5-769857B99263}.Release|ARM64.Build.0 = Release|Any CPU
		{32966E5A-0F05-429F-A4F5-769857B99263}.Release|x64.ActiveCfg = Release|Any CPU
		{32966E5A-0F05-429F-A4F5-769857B99263}.Release|x64.Build.0 = Release|Any CPU
		{32966E5A-0F05-429F-A4F5-769857B99263}.Release|x86.ActiveCfg = Release|Any CPU
		{32966E5A-0F05-429F-A4F5-769857B99263}.Release|x86.Build.0 = Release|Any CPU
		{658BAC1D-4F6A-4015-89ED-D6F24602C926}.Debug|Any CPU.ActiveCfg = Debug|Any CPU
		{658BAC1D-4F6A-4015-89ED-D6F24602C926}.Debug|Any CPU.Build.0 = Debug|Any CPU
		{658BAC1D-4F6A-4015-89ED-D6F24602C926}.Debug|ARM.ActiveCfg = Debug|ARM
		{658BAC1D-4F6A-4015-89ED-D6F24602C926}.Debug|ARM.Build.0 = Debug|ARM
		{658BAC1D-4F6A-4015-89ED-D6F24602C926}.Debug|ARM64.ActiveCfg = Debug|ARM64
		{658BAC1D-4F6A-4015-89ED-D6F24602C926}.Debug|ARM64.Build.0 = Debug|ARM64
		{658BAC1D-4F6A-4015-89ED-D6F24602C926}.Debug|x64.ActiveCfg = Debug|x64
		{658BAC1D-4F6A-4015-89ED-D6F24602C926}.Debug|x64.Build.0 = Debug|x64
		{658BAC1D-4F6A-4015-89ED-D6F24602C926}.Debug|x86.ActiveCfg = Debug|x86
		{658BAC1D-4F6A-4015-89ED-D6F24602C926}.Debug|x86.Build.0 = Debug|x86
		{658BAC1D-4F6A-4015-89ED-D6F24602C926}.Release|Any CPU.ActiveCfg = Release|Any CPU
		{658BAC1D-4F6A-4015-89ED-D6F24602C926}.Release|Any CPU.Build.0 = Release|Any CPU
		{658BAC1D-4F6A-4015-89ED-D6F24602C926}.Release|ARM.ActiveCfg = Release|ARM
		{658BAC1D-4F6A-4015-89ED-D6F24602C926}.Release|ARM.Build.0 = Release|ARM
		{658BAC1D-4F6A-4015-89ED-D6F24602C926}.Release|ARM64.ActiveCfg = Release|ARM64
		{658BAC1D-4F6A-4015-89ED-D6F24602C926}.Release|ARM64.Build.0 = Release|ARM64
		{658BAC1D-4F6A-4015-89ED-D6F24602C926}.Release|x64.ActiveCfg = Release|x64
		{658BAC1D-4F6A-4015-89ED-D6F24602C926}.Release|x64.Build.0 = Release|x64
		{658BAC1D-4F6A-4015-89ED-D6F24602C926}.Release|x86.ActiveCfg = Release|x86
		{658BAC1D-4F6A-4015-89ED-D6F24602C926}.Release|x86.Build.0 = Release|x86
		{97F1699F-5471-4EEC-852C-68BFE49F4D95}.Debug|Any CPU.ActiveCfg = Debug|Any CPU
		{97F1699F-5471-4EEC-852C-68BFE49F4D95}.Debug|Any CPU.Build.0 = Debug|Any CPU
		{97F1699F-5471-4EEC-852C-68BFE49F4D95}.Debug|ARM.ActiveCfg = Debug|ARM
		{97F1699F-5471-4EEC-852C-68BFE49F4D95}.Debug|ARM.Build.0 = Debug|ARM
		{97F1699F-5471-4EEC-852C-68BFE49F4D95}.Debug|ARM64.ActiveCfg = Debug|ARM64
		{97F1699F-5471-4EEC-852C-68BFE49F4D95}.Debug|ARM64.Build.0 = Debug|ARM64
		{97F1699F-5471-4EEC-852C-68BFE49F4D95}.Debug|x64.ActiveCfg = Debug|x64
		{97F1699F-5471-4EEC-852C-68BFE49F4D95}.Debug|x64.Build.0 = Debug|x64
		{97F1699F-5471-4EEC-852C-68BFE49F4D95}.Debug|x86.ActiveCfg = Debug|x86
		{97F1699F-5471-4EEC-852C-68BFE49F4D95}.Debug|x86.Build.0 = Debug|x86
		{97F1699F-5471-4EEC-852C-68BFE49F4D95}.Release|Any CPU.ActiveCfg = Release|Any CPU
		{97F1699F-5471-4EEC-852C-68BFE49F4D95}.Release|Any CPU.Build.0 = Release|Any CPU
		{97F1699F-5471-4EEC-852C-68BFE49F4D95}.Release|ARM.ActiveCfg = Release|ARM
		{97F1699F-5471-4EEC-852C-68BFE49F4D95}.Release|ARM.Build.0 = Release|ARM
		{97F1699F-5471-4EEC-852C-68BFE49F4D95}.Release|ARM64.ActiveCfg = Release|ARM64
		{97F1699F-5471-4EEC-852C-68BFE49F4D95}.Release|ARM64.Build.0 = Release|ARM64
		{97F1699F-5471-4EEC-852C-68BFE49F4D95}.Release|x64.ActiveCfg = Release|x64
		{97F1699F-5471-4EEC-852C-68BFE49F4D95}.Release|x64.Build.0 = Release|x64
		{97F1699F-5471-4EEC-852C-68BFE49F4D95}.Release|x86.ActiveCfg = Release|x86
		{97F1699F-5471-4EEC-852C-68BFE49F4D95}.Release|x86.Build.0 = Release|x86
		{0A83A562-22E7-43E8-B47D-B8CD9C40FEB6}.Debug|Any CPU.ActiveCfg = Debug|Any CPU
		{0A83A562-22E7-43E8-B47D-B8CD9C40FEB6}.Debug|Any CPU.Build.0 = Debug|Any CPU
		{0A83A562-22E7-43E8-B47D-B8CD9C40FEB6}.Debug|ARM.ActiveCfg = Debug|ARM
		{0A83A562-22E7-43E8-B47D-B8CD9C40FEB6}.Debug|ARM.Build.0 = Debug|ARM
		{0A83A562-22E7-43E8-B47D-B8CD9C40FEB6}.Debug|ARM64.ActiveCfg = Debug|ARM64
		{0A83A562-22E7-43E8-B47D-B8CD9C40FEB6}.Debug|ARM64.Build.0 = Debug|ARM64
		{0A83A562-22E7-43E8-B47D-B8CD9C40FEB6}.Debug|x64.ActiveCfg = Debug|x64
		{0A83A562-22E7-43E8-B47D-B8CD9C40FEB6}.Debug|x64.Build.0 = Debug|x64
		{0A83A562-22E7-43E8-B47D-B8CD9C40FEB6}.Debug|x86.ActiveCfg = Debug|x86
		{0A83A562-22E7-43E8-B47D-B8CD9C40FEB6}.Debug|x86.Build.0 = Debug|x86
		{0A83A562-22E7-43E8-B47D-B8CD9C40FEB6}.Release|Any CPU.ActiveCfg = Release|Any CPU
		{0A83A562-22E7-43E8-B47D-B8CD9C40FEB6}.Release|Any CPU.Build.0 = Release|Any CPU
		{0A83A562-22E7-43E8-B47D-B8CD9C40FEB6}.Release|ARM.ActiveCfg = Release|ARM
		{0A83A562-22E7-43E8-B47D-B8CD9C40FEB6}.Release|ARM.Build.0 = Release|ARM
		{0A83A562-22E7-43E8-B47D-B8CD9C40FEB6}.Release|ARM64.ActiveCfg = Release|ARM64
		{0A83A562-22E7-43E8-B47D-B8CD9C40FEB6}.Release|ARM64.Build.0 = Release|ARM64
		{0A83A562-22E7-43E8-B47D-B8CD9C40FEB6}.Release|x64.ActiveCfg = Release|x64
		{0A83A562-22E7-43E8-B47D-B8CD9C40FEB6}.Release|x64.Build.0 = Release|x64
		{0A83A562-22E7-43E8-B47D-B8CD9C40FEB6}.Release|x86.ActiveCfg = Release|x86
		{0A83A562-22E7-43E8-B47D-B8CD9C40FEB6}.Release|x86.Build.0 = Release|x86
	EndGlobalSection
	GlobalSection(SolutionProperties) = preSolution
		HideSolutionNode = FALSE
	EndGlobalSection
	GlobalSection(ExtensibilityGlobals) = postSolution
		SolutionGuid = {2FE9989D-A50A-4CAE-8583-59A6674931BD}
	EndGlobalSection
EndGlobal
